// !$*UTF8*$!
{
	archiveVersion = 1;
	classes = {
	};
	objectVersion = 50;
	objects = {

/* Begin PBXBuildFile section */
		0E6944F6A6674A3317AB4FD3 /* Pods_winnerdietUITests.framework in Frameworks */ = {isa = PBXBuildFile; fileRef = 779F2D79BF2A68FBA6F6E8DA /* Pods_winnerdietUITests.framework */; };
		3F7EFF2419B17112833F9C15 /* Pods_winnerdietTests.framework in Frameworks */ = {isa = PBXBuildFile; fileRef = D6C33F7FF25E0F8F6FC37A74 /* Pods_winnerdietTests.framework */; };
		4C0FE09121A6712500326118 /* NavigationWebVC.swift in Sources */ = {isa = PBXBuildFile; fileRef = 4C0FE09021A6712500326118 /* NavigationWebVC.swift */; };
		4C2C9FE021A4DE980019723D /* MainVC.swift in Sources */ = {isa = PBXBuildFile; fileRef = 4C2C9FDF21A4DE980019723D /* MainVC.swift */; };
		4C82A36C2199031900C87602 /* SWRevealViewController.m in Sources */ = {isa = PBXBuildFile; fileRef = 4C82A36A2199031900C87602 /* SWRevealViewController.m */; };
		4C82A370219909F800C87602 /* SWRearTableVC.swift in Sources */ = {isa = PBXBuildFile; fileRef = 4C82A36F219909F700C87602 /* SWRearTableVC.swift */; };
		4C82A372219917DC00C87602 /* SWFrontWebVC.swift in Sources */ = {isa = PBXBuildFile; fileRef = 4C82A371219917DC00C87602 /* SWFrontWebVC.swift */; };
		4C82A375219A62DF00C87602 /* LoginVC.swift in Sources */ = {isa = PBXBuildFile; fileRef = 4C82A374219A62DF00C87602 /* LoginVC.swift */; };
		4CA922DE219CFFA100F3FB38 /* Alamofire.framework in Frameworks */ = {isa = PBXBuildFile; fileRef = 4CA922DD219CFFA100F3FB38 /* Alamofire.framework */; };
		4CA922E2219CFFA100F3FB38 /* SwiftyJSON.framework in Frameworks */ = {isa = PBXBuildFile; fileRef = 4CA922E1219CFFA100F3FB38 /* SwiftyJSON.framework */; };
		4CA922E4219D03F600F3FB38 /* Validator.framework in Frameworks */ = {isa = PBXBuildFile; fileRef = 4CA922E3219D03F600F3FB38 /* Validator.framework */; };
		4CDA4730219417F4000250F4 /* GoogleService-Info.plist in Resources */ = {isa = PBXBuildFile; fileRef = 4CDA472F219417F3000250F4 /* GoogleService-Info.plist */; };
		4CDA473421941A27000250F4 /* Images-3.xcassets in Resources */ = {isa = PBXBuildFile; fileRef = 4CDA473321941A27000250F4 /* Images-3.xcassets */; };
		4CE22604219CF45E007F3E76 /* JoinVC.swift in Sources */ = {isa = PBXBuildFile; fileRef = 4CE22603219CF45E007F3E76 /* JoinVC.swift */; };
		4CE4A3792193CEBB008E0919 /* LaunchScreen.storyboard in Resources */ = {isa = PBXBuildFile; fileRef = 4CE4A3772193CEBB008E0919 /* LaunchScreen.storyboard */; };
		4CE4A3842193CEBB008E0919 /* winnerdietTests.swift in Sources */ = {isa = PBXBuildFile; fileRef = 4CE4A3832193CEBB008E0919 /* winnerdietTests.swift */; };
		4CE4A38F2193CEBB008E0919 /* winnerdietUITests.swift in Sources */ = {isa = PBXBuildFile; fileRef = 4CE4A38E2193CEBB008E0919 /* winnerdietUITests.swift */; };
		4CE4A3AC2193D72A008E0919 /* Main.storyboard in Resources */ = {isa = PBXBuildFile; fileRef = 4CE4A3A12193D72A008E0919 /* Main.storyboard */; };
		4CE4A3AD2193D72A008E0919 /* AppDelegate.swift in Sources */ = {isa = PBXBuildFile; fileRef = 4CE4A3A22193D72A008E0919 /* AppDelegate.swift */; };
		4CE4A3AE2193D72A008E0919 /* CheckNetwork.swift in Sources */ = {isa = PBXBuildFile; fileRef = 4CE4A3A32193D72A008E0919 /* CheckNetwork.swift */; };
		4CE4A3AF2193D72A008E0919 /* Info.plist in Resources */ = {isa = PBXBuildFile; fileRef = 4CE4A3A52193D72A008E0919 /* Info.plist */; };
		4CE4A3B02193D72A008E0919 /* MainWebVC.swift in Sources */ = {isa = PBXBuildFile; fileRef = 4CE4A3A62193D72A008E0919 /* MainWebVC.swift */; };
		4CE4A3B12193D72A008E0919 /* SnsLinkHelper.swift in Sources */ = {isa = PBXBuildFile; fileRef = 4CE4A3A72193D72A008E0919 /* SnsLinkHelper.swift */; };
		4CE4A3B22193D72A008E0919 /* ViewControllerSample.swift in Sources */ = {isa = PBXBuildFile; fileRef = 4CE4A3A82193D72A008E0919 /* ViewControllerSample.swift */; };
		4CE4A3B32193D72A008E0919 /* ErrorVC.swift in Sources */ = {isa = PBXBuildFile; fileRef = 4CE4A3A92193D72A008E0919 /* ErrorVC.swift */; };
		4CE4A3B42193D72A008E0919 /* Common.swift in Sources */ = {isa = PBXBuildFile; fileRef = 4CE4A3AA2193D72A008E0919 /* Common.swift */; };
		4CE4A3B52193D72A008E0919 /* APIHelper.swift in Sources */ = {isa = PBXBuildFile; fileRef = 4CE4A3AB2193D72A008E0919 /* APIHelper.swift */; };
		4CE4A3B82193D8E0008E0919 /* HealthKit.framework in Frameworks */ = {isa = PBXBuildFile; fileRef = 4CE4A3B72193D8E0008E0919 /* HealthKit.framework */; };
		4CE4A3BD2193D997008E0919 /* KakaoCommon.framework in Frameworks */ = {isa = PBXBuildFile; fileRef = 4CE4A3B92193D997008E0919 /* KakaoCommon.framework */; };
		4CE4A3BE2193D997008E0919 /* KakaoMessageTemplate.framework in Frameworks */ = {isa = PBXBuildFile; fileRef = 4CE4A3BA2193D997008E0919 /* KakaoMessageTemplate.framework */; };
		4CE4A3BF2193D997008E0919 /* KakaoLink.framework in Frameworks */ = {isa = PBXBuildFile; fileRef = 4CE4A3BB2193D997008E0919 /* KakaoLink.framework */; };
		4CE4A3C02193D997008E0919 /* KakaoOpenSDK.framework in Frameworks */ = {isa = PBXBuildFile; fileRef = 4CE4A3BC2193D997008E0919 /* KakaoOpenSDK.framework */; };
		4CE4A3C92193D9B6008E0919 /* NaverAuth.bundle in Resources */ = {isa = PBXBuildFile; fileRef = 4CE4A3C32193D9B6008E0919 /* NaverAuth.bundle */; };
		4CE4A3CA2193D9B6008E0919 /* libNaverLogin.a in Frameworks */ = {isa = PBXBuildFile; fileRef = 4CE4A3C52193D9B6008E0919 /* libNaverLogin.a */; };
		4CE4A3CB2193D9B6008E0919 /* NLoginThirdPartyOAuth20InAppBrowserViewController.m in Sources */ = {isa = PBXBuildFile; fileRef = 4CE4A3C82193D9B6008E0919 /* NLoginThirdPartyOAuth20InAppBrowserViewController.m */; };
		4CF27D0D21A507D700FE98C0 /* iCarousel.m in Sources */ = {isa = PBXBuildFile; fileRef = 4CF27D0C21A507D700FE98C0 /* iCarousel.m */; };
		4CF27D1921A55D8900FE98C0 /* NanumBarunGothicBold.otf in Resources */ = {isa = PBXBuildFile; fileRef = 4CF27D1821A55D7600FE98C0 /* NanumBarunGothicBold.otf */; };
		54C2F0FA90E6F2CA90C22259 /* Pods_winnerdiet.framework in Frameworks */ = {isa = PBXBuildFile; fileRef = 0C7DCAE22B3F69E5C4B1C43C /* Pods_winnerdiet.framework */; };
/* End PBXBuildFile section */

/* Begin PBXContainerItemProxy section */
		4CE4A3802193CEBB008E0919 /* PBXContainerItemProxy */ = {
			isa = PBXContainerItemProxy;
			containerPortal = 4CE4A3632193CEB9008E0919 /* Project object */;
			proxyType = 1;
			remoteGlobalIDString = 4CE4A36A2193CEB9008E0919;
			remoteInfo = winnerdiet;
		};
		4CE4A38B2193CEBB008E0919 /* PBXContainerItemProxy */ = {
			isa = PBXContainerItemProxy;
			containerPortal = 4CE4A3632193CEB9008E0919 /* Project object */;
			proxyType = 1;
			remoteGlobalIDString = 4CE4A36A2193CEB9008E0919;
			remoteInfo = winnerdiet;
		};
/* End PBXContainerItemProxy section */

/* Begin PBXFileReference section */
		0169FE9271A69F8DCC759609 /* Pods-winnerdiet.debug.xcconfig */ = {isa = PBXFileReference; includeInIndex = 1; lastKnownFileType = text.xcconfig; name = "Pods-winnerdiet.debug.xcconfig"; path = "Pods/Target Support Files/Pods-winnerdiet/Pods-winnerdiet.debug.xcconfig"; sourceTree = "<group>"; };
		0C7DCAE22B3F69E5C4B1C43C /* Pods_winnerdiet.framework */ = {isa = PBXFileReference; explicitFileType = wrapper.framework; includeInIndex = 0; path = Pods_winnerdiet.framework; sourceTree = BUILT_PRODUCTS_DIR; };
		313745DA682F5258CC6308BB /* Pods-winnerdietUITests.release.xcconfig */ = {isa = PBXFileReference; includeInIndex = 1; lastKnownFileType = text.xcconfig; name = "Pods-winnerdietUITests.release.xcconfig"; path = "Pods/Target Support Files/Pods-winnerdietUITests/Pods-winnerdietUITests.release.xcconfig"; sourceTree = "<group>"; };
		4AAF1B616E29B72515E51ED1 /* Pods-winnerdietTests.debug.xcconfig */ = {isa = PBXFileReference; includeInIndex = 1; lastKnownFileType = text.xcconfig; name = "Pods-winnerdietTests.debug.xcconfig"; path = "Pods/Target Support Files/Pods-winnerdietTests/Pods-winnerdietTests.debug.xcconfig"; sourceTree = "<group>"; };
		4C0FE09021A6712500326118 /* NavigationWebVC.swift */ = {isa = PBXFileReference; lastKnownFileType = sourcecode.swift; path = NavigationWebVC.swift; sourceTree = "<group>"; };
		4C2C9FDF21A4DE980019723D /* MainVC.swift */ = {isa = PBXFileReference; lastKnownFileType = sourcecode.swift; path = MainVC.swift; sourceTree = "<group>"; };
		4C2C9FE421A4FF5F0019723D /* iCarousel.framework */ = {isa = PBXFileReference; explicitFileType = wrapper.framework; path = iCarousel.framework; sourceTree = BUILT_PRODUCTS_DIR; };
		4C82A36A2199031900C87602 /* SWRevealViewController.m */ = {isa = PBXFileReference; fileEncoding = 4; lastKnownFileType = sourcecode.c.objc; path = SWRevealViewController.m; sourceTree = "<group>"; };
		4C82A36B2199031900C87602 /* SWRevealViewController.h */ = {isa = PBXFileReference; fileEncoding = 4; lastKnownFileType = sourcecode.c.h; path = SWRevealViewController.h; sourceTree = "<group>"; };
		4C82A36F219909F700C87602 /* SWRearTableVC.swift */ = {isa = PBXFileReference; fileEncoding = 4; lastKnownFileType = sourcecode.swift; path = SWRearTableVC.swift; sourceTree = "<group>"; };
		4C82A371219917DC00C87602 /* SWFrontWebVC.swift */ = {isa = PBXFileReference; lastKnownFileType = sourcecode.swift; path = SWFrontWebVC.swift; sourceTree = "<group>"; };
		4C82A374219A62DF00C87602 /* LoginVC.swift */ = {isa = PBXFileReference; lastKnownFileType = sourcecode.swift; path = LoginVC.swift; sourceTree = "<group>"; };
		4CA922DD219CFFA100F3FB38 /* Alamofire.framework */ = {isa = PBXFileReference; explicitFileType = wrapper.framework; path = Alamofire.framework; sourceTree = BUILT_PRODUCTS_DIR; };
		4CA922DF219CFFA100F3FB38 /* SRFormValidator.framework */ = {isa = PBXFileReference; explicitFileType = wrapper.framework; path = SRFormValidator.framework; sourceTree = BUILT_PRODUCTS_DIR; };
		4CA922E1219CFFA100F3FB38 /* SwiftyJSON.framework */ = {isa = PBXFileReference; explicitFileType = wrapper.framework; path = SwiftyJSON.framework; sourceTree = BUILT_PRODUCTS_DIR; };
		4CA922E3219D03F600F3FB38 /* Validator.framework */ = {isa = PBXFileReference; explicitFileType = wrapper.framework; path = Validator.framework; sourceTree = BUILT_PRODUCTS_DIR; };
		4CDA472F219417F3000250F4 /* GoogleService-Info.plist */ = {isa = PBXFileReference; fileEncoding = 4; lastKnownFileType = text.plist.xml; path = "GoogleService-Info.plist"; sourceTree = "<group>"; };
		4CDA473321941A27000250F4 /* Images-3.xcassets */ = {isa = PBXFileReference; lastKnownFileType = folder.assetcatalog; path = "Images-3.xcassets"; sourceTree = "<group>"; };
		4CE22603219CF45E007F3E76 /* JoinVC.swift */ = {isa = PBXFileReference; lastKnownFileType = sourcecode.swift; path = JoinVC.swift; sourceTree = "<group>"; };
		4CE4A36B2193CEB9008E0919 /* winnerdiet.app */ = {isa = PBXFileReference; explicitFileType = wrapper.application; includeInIndex = 0; path = winnerdiet.app; sourceTree = BUILT_PRODUCTS_DIR; };
		4CE4A3782193CEBB008E0919 /* Base */ = {isa = PBXFileReference; lastKnownFileType = file.storyboard; name = Base; path = Base.lproj/LaunchScreen.storyboard; sourceTree = "<group>"; };
		4CE4A37F2193CEBB008E0919 /* winnerdietTests.xctest */ = {isa = PBXFileReference; explicitFileType = wrapper.cfbundle; includeInIndex = 0; path = winnerdietTests.xctest; sourceTree = BUILT_PRODUCTS_DIR; };
		4CE4A3832193CEBB008E0919 /* winnerdietTests.swift */ = {isa = PBXFileReference; lastKnownFileType = sourcecode.swift; path = winnerdietTests.swift; sourceTree = "<group>"; };
		4CE4A3852193CEBB008E0919 /* Info.plist */ = {isa = PBXFileReference; lastKnownFileType = text.plist.xml; path = Info.plist; sourceTree = "<group>"; };
		4CE4A38A2193CEBB008E0919 /* winnerdietUITests.xctest */ = {isa = PBXFileReference; explicitFileType = wrapper.cfbundle; includeInIndex = 0; path = winnerdietUITests.xctest; sourceTree = BUILT_PRODUCTS_DIR; };
		4CE4A38E2193CEBB008E0919 /* winnerdietUITests.swift */ = {isa = PBXFileReference; lastKnownFileType = sourcecode.swift; path = winnerdietUITests.swift; sourceTree = "<group>"; };
		4CE4A3902193CEBB008E0919 /* Info.plist */ = {isa = PBXFileReference; lastKnownFileType = text.plist.xml; path = Info.plist; sourceTree = "<group>"; };
		4CE4A3A12193D72A008E0919 /* Main.storyboard */ = {isa = PBXFileReference; fileEncoding = 4; lastKnownFileType = file.storyboard; path = Main.storyboard; sourceTree = "<group>"; };
		4CE4A3A22193D72A008E0919 /* AppDelegate.swift */ = {isa = PBXFileReference; fileEncoding = 4; lastKnownFileType = sourcecode.swift; path = AppDelegate.swift; sourceTree = "<group>"; };
		4CE4A3A32193D72A008E0919 /* CheckNetwork.swift */ = {isa = PBXFileReference; fileEncoding = 4; lastKnownFileType = sourcecode.swift; path = CheckNetwork.swift; sourceTree = "<group>"; };
		4CE4A3A42193D72A008E0919 /* bridge.h */ = {isa = PBXFileReference; fileEncoding = 4; lastKnownFileType = sourcecode.c.h; path = bridge.h; sourceTree = "<group>"; };
		4CE4A3A52193D72A008E0919 /* Info.plist */ = {isa = PBXFileReference; fileEncoding = 4; lastKnownFileType = text.plist.xml; path = Info.plist; sourceTree = "<group>"; };
		4CE4A3A62193D72A008E0919 /* MainWebVC.swift */ = {isa = PBXFileReference; fileEncoding = 4; lastKnownFileType = sourcecode.swift; path = MainWebVC.swift; sourceTree = "<group>"; };
		4CE4A3A72193D72A008E0919 /* SnsLinkHelper.swift */ = {isa = PBXFileReference; fileEncoding = 4; lastKnownFileType = sourcecode.swift; path = SnsLinkHelper.swift; sourceTree = "<group>"; };
		4CE4A3A82193D72A008E0919 /* ViewControllerSample.swift */ = {isa = PBXFileReference; fileEncoding = 4; lastKnownFileType = sourcecode.swift; path = ViewControllerSample.swift; sourceTree = "<group>"; };
		4CE4A3A92193D72A008E0919 /* ErrorVC.swift */ = {isa = PBXFileReference; fileEncoding = 4; lastKnownFileType = sourcecode.swift; path = ErrorVC.swift; sourceTree = "<group>"; };
		4CE4A3AA2193D72A008E0919 /* Common.swift */ = {isa = PBXFileReference; fileEncoding = 4; lastKnownFileType = sourcecode.swift; path = Common.swift; sourceTree = "<group>"; };
		4CE4A3AB2193D72A008E0919 /* APIHelper.swift */ = {isa = PBXFileReference; fileEncoding = 4; lastKnownFileType = sourcecode.swift; path = APIHelper.swift; sourceTree = "<group>"; };
		4CE4A3B62193D8E0008E0919 /* winnerdiet.entitlements */ = {isa = PBXFileReference; lastKnownFileType = text.plist.entitlements; path = winnerdiet.entitlements; sourceTree = "<group>"; };
		4CE4A3B72193D8E0008E0919 /* HealthKit.framework */ = {isa = PBXFileReference; lastKnownFileType = wrapper.framework; name = HealthKit.framework; path = System/Library/Frameworks/HealthKit.framework; sourceTree = SDKROOT; };
		4CE4A3B92193D997008E0919 /* KakaoCommon.framework */ = {isa = PBXFileReference; lastKnownFileType = wrapper.framework; path = KakaoCommon.framework; sourceTree = "<group>"; };
		4CE4A3BA2193D997008E0919 /* KakaoMessageTemplate.framework */ = {isa = PBXFileReference; lastKnownFileType = wrapper.framework; path = KakaoMessageTemplate.framework; sourceTree = "<group>"; };
		4CE4A3BB2193D997008E0919 /* KakaoLink.framework */ = {isa = PBXFileReference; lastKnownFileType = wrapper.framework; path = KakaoLink.framework; sourceTree = "<group>"; };
		4CE4A3BC2193D997008E0919 /* KakaoOpenSDK.framework */ = {isa = PBXFileReference; lastKnownFileType = wrapper.framework; path = KakaoOpenSDK.framework; sourceTree = "<group>"; };
		4CE4A3C22193D9B6008E0919 /* NaverThirdPartyLoginConnection.h */ = {isa = PBXFileReference; fileEncoding = 4; lastKnownFileType = sourcecode.c.h; path = NaverThirdPartyLoginConnection.h; sourceTree = "<group>"; };
		4CE4A3C32193D9B6008E0919 /* NaverAuth.bundle */ = {isa = PBXFileReference; lastKnownFileType = "wrapper.plug-in"; path = NaverAuth.bundle; sourceTree = "<group>"; };
		4CE4A3C42193D9B6008E0919 /* NLoginThirdPartyOAuth20InAppBrowserViewController.h */ = {isa = PBXFileReference; fileEncoding = 4; lastKnownFileType = sourcecode.c.h; path = NLoginThirdPartyOAuth20InAppBrowserViewController.h; sourceTree = "<group>"; };
		4CE4A3C52193D9B6008E0919 /* libNaverLogin.a */ = {isa = PBXFileReference; lastKnownFileType = archive.ar; path = libNaverLogin.a; sourceTree = "<group>"; };
		4CE4A3C62193D9B6008E0919 /* NaverThirdPartyConstantsForApp.h */ = {isa = PBXFileReference; fileEncoding = 4; lastKnownFileType = sourcecode.c.h; path = NaverThirdPartyConstantsForApp.h; sourceTree = "<group>"; };
		4CE4A3C72193D9B6008E0919 /* dreamteams_ios-Bridging-Header.h */ = {isa = PBXFileReference; fileEncoding = 4; lastKnownFileType = sourcecode.c.h; path = "dreamteams_ios-Bridging-Header.h"; sourceTree = "<group>"; };
		4CE4A3C82193D9B6008E0919 /* NLoginThirdPartyOAuth20InAppBrowserViewController.m */ = {isa = PBXFileReference; fileEncoding = 4; lastKnownFileType = sourcecode.c.objc; path = NLoginThirdPartyOAuth20InAppBrowserViewController.m; sourceTree = "<group>"; };
		4CF27D0B21A507D700FE98C0 /* iCarousel.h */ = {isa = PBXFileReference; fileEncoding = 4; lastKnownFileType = sourcecode.c.h; name = iCarousel.h; path = Pods/iCarousel/iCarousel/iCarousel.h; sourceTree = "<group>"; };
		4CF27D0C21A507D700FE98C0 /* iCarousel.m */ = {isa = PBXFileReference; fileEncoding = 4; lastKnownFileType = sourcecode.c.objc; name = iCarousel.m; path = Pods/iCarousel/iCarousel/iCarousel.m; sourceTree = "<group>"; };
		4CF27D1821A55D7600FE98C0 /* NanumBarunGothicBold.otf */ = {isa = PBXFileReference; lastKnownFileType = file; path = NanumBarunGothicBold.otf; sourceTree = "<group>"; };
		632206173A6DF6685B77181E /* Pods-winnerdiet.release.xcconfig */ = {isa = PBXFileReference; includeInIndex = 1; lastKnownFileType = text.xcconfig; name = "Pods-winnerdiet.release.xcconfig"; path = "Pods/Target Support Files/Pods-winnerdiet/Pods-winnerdiet.release.xcconfig"; sourceTree = "<group>"; };
		779F2D79BF2A68FBA6F6E8DA /* Pods_winnerdietUITests.framework */ = {isa = PBXFileReference; explicitFileType = wrapper.framework; includeInIndex = 0; path = Pods_winnerdietUITests.framework; sourceTree = BUILT_PRODUCTS_DIR; };
		8EF8B47F85470640CD17832C /* Pods-winnerdietUITests.debug.xcconfig */ = {isa = PBXFileReference; includeInIndex = 1; lastKnownFileType = text.xcconfig; name = "Pods-winnerdietUITests.debug.xcconfig"; path = "Pods/Target Support Files/Pods-winnerdietUITests/Pods-winnerdietUITests.debug.xcconfig"; sourceTree = "<group>"; };
		D6C33F7FF25E0F8F6FC37A74 /* Pods_winnerdietTests.framework */ = {isa = PBXFileReference; explicitFileType = wrapper.framework; includeInIndex = 0; path = Pods_winnerdietTests.framework; sourceTree = BUILT_PRODUCTS_DIR; };
		EFAA596C3D5B8373D4FBAB53 /* Pods-winnerdietTests.release.xcconfig */ = {isa = PBXFileReference; includeInIndex = 1; lastKnownFileType = text.xcconfig; name = "Pods-winnerdietTests.release.xcconfig"; path = "Pods/Target Support Files/Pods-winnerdietTests/Pods-winnerdietTests.release.xcconfig"; sourceTree = "<group>"; };
/* End PBXFileReference section */

/* Begin PBXFrameworksBuildPhase section */
		4CE4A3682193CEB9008E0919 /* Frameworks */ = {
			isa = PBXFrameworksBuildPhase;
			buildActionMask = 2147483647;
			files = (
				4CA922E4219D03F600F3FB38 /* Validator.framework in Frameworks */,
				4CA922DE219CFFA100F3FB38 /* Alamofire.framework in Frameworks */,
				4CA922E2219CFFA100F3FB38 /* SwiftyJSON.framework in Frameworks */,
				4CE4A3BD2193D997008E0919 /* KakaoCommon.framework in Frameworks */,
				4CE4A3CA2193D9B6008E0919 /* libNaverLogin.a in Frameworks */,
				4CE4A3BE2193D997008E0919 /* KakaoMessageTemplate.framework in Frameworks */,
				4CE4A3BF2193D997008E0919 /* KakaoLink.framework in Frameworks */,
				4CE4A3C02193D997008E0919 /* KakaoOpenSDK.framework in Frameworks */,
				4CE4A3B82193D8E0008E0919 /* HealthKit.framework in Frameworks */,
				54C2F0FA90E6F2CA90C22259 /* Pods_winnerdiet.framework in Frameworks */,
			);
			runOnlyForDeploymentPostprocessing = 0;
		};
		4CE4A37C2193CEBB008E0919 /* Frameworks */ = {
			isa = PBXFrameworksBuildPhase;
			buildActionMask = 2147483647;
			files = (
				3F7EFF2419B17112833F9C15 /* Pods_winnerdietTests.framework in Frameworks */,
			);
			runOnlyForDeploymentPostprocessing = 0;
		};
		4CE4A3872193CEBB008E0919 /* Frameworks */ = {
			isa = PBXFrameworksBuildPhase;
			buildActionMask = 2147483647;
			files = (
				0E6944F6A6674A3317AB4FD3 /* Pods_winnerdietUITests.framework in Frameworks */,
			);
			runOnlyForDeploymentPostprocessing = 0;
		};
/* End PBXFrameworksBuildPhase section */

/* Begin PBXGroup section */
		4C82A369219902C500C87602 /* SlideMenu */ = {
			isa = PBXGroup;
			children = (
				4C82A36B2199031900C87602 /* SWRevealViewController.h */,
				4C82A36A2199031900C87602 /* SWRevealViewController.m */,
				4C82A36F219909F700C87602 /* SWRearTableVC.swift */,
				4C82A371219917DC00C87602 /* SWFrontWebVC.swift */,
			);
			path = SlideMenu;
			sourceTree = "<group>";
		};
		4C82A373219A565300C87602 /* DefaultVC */ = {
			isa = PBXGroup;
			children = (
				4CE4A3A82193D72A008E0919 /* ViewControllerSample.swift */,
				4CE4A3A62193D72A008E0919 /* MainWebVC.swift */,
				4C0FE09021A6712500326118 /* NavigationWebVC.swift */,
				4CE4A3A92193D72A008E0919 /* ErrorVC.swift */,
				4C82A374219A62DF00C87602 /* LoginVC.swift */,
				4CE22603219CF45E007F3E76 /* JoinVC.swift */,
				4C2C9FDF21A4DE980019723D /* MainVC.swift */,
			);
			path = DefaultVC;
			sourceTree = "<group>";
		};
		4CE4A3622193CEB9008E0919 = {
			isa = PBXGroup;
			children = (
				4CE4A36D2193CEB9008E0919 /* winnerdiet */,
				4CE4A3822193CEBB008E0919 /* winnerdietTests */,
				4CE4A38D2193CEBB008E0919 /* winnerdietUITests */,
				4CE4A36C2193CEB9008E0919 /* Products */,
				4CE4A3C12193D9B6008E0919 /* Naver */,
				FD3F8A4B59D30C4CE8F8952D /* Frameworks */,
				F1043A0A76219CD022548A19 /* Pods */,
			);
			sourceTree = "<group>";
		};
		4CE4A36C2193CEB9008E0919 /* Products */ = {
			isa = PBXGroup;
			children = (
				4CE4A36B2193CEB9008E0919 /* winnerdiet.app */,
				4CE4A37F2193CEBB008E0919 /* winnerdietTests.xctest */,
				4CE4A38A2193CEBB008E0919 /* winnerdietUITests.xctest */,
			);
			name = Products;
			sourceTree = "<group>";
		};
		4CE4A36D2193CEB9008E0919 /* winnerdiet */ = {
			isa = PBXGroup;
			children = (
				4CF27D1821A55D7600FE98C0 /* NanumBarunGothicBold.otf */,
				4CE4A3B62193D8E0008E0919 /* winnerdiet.entitlements */,
				4C82A373219A565300C87602 /* DefaultVC */,
				4C82A369219902C500C87602 /* SlideMenu */,
				4CE4A3A22193D72A008E0919 /* AppDelegate.swift */,
				4CE4A3AB2193D72A008E0919 /* APIHelper.swift */,
				4CE4A3A32193D72A008E0919 /* CheckNetwork.swift */,
				4CE4A3AA2193D72A008E0919 /* Common.swift */,
				4CE4A3A72193D72A008E0919 /* SnsLinkHelper.swift */,
				4CE4A3A52193D72A008E0919 /* Info.plist */,
				4CE4A3A12193D72A008E0919 /* Main.storyboard */,
				4CE4A3772193CEBB008E0919 /* LaunchScreen.storyboard */,
				4CDA472F219417F3000250F4 /* GoogleService-Info.plist */,
				4CE4A3A42193D72A008E0919 /* bridge.h */,
				4CDA473321941A27000250F4 /* Images-3.xcassets */,
			);
			path = winnerdiet;
			sourceTree = "<group>";
		};
		4CE4A3822193CEBB008E0919 /* winnerdietTests */ = {
			isa = PBXGroup;
			children = (
				4CE4A3832193CEBB008E0919 /* winnerdietTests.swift */,
				4CE4A3852193CEBB008E0919 /* Info.plist */,
			);
			path = winnerdietTests;
			sourceTree = "<group>";
		};
		4CE4A38D2193CEBB008E0919 /* winnerdietUITests */ = {
			isa = PBXGroup;
			children = (
				4CE4A38E2193CEBB008E0919 /* winnerdietUITests.swift */,
				4CE4A3902193CEBB008E0919 /* Info.plist */,
			);
			path = winnerdietUITests;
			sourceTree = "<group>";
		};
		4CE4A3C12193D9B6008E0919 /* Naver */ = {
			isa = PBXGroup;
			children = (
				4CE4A3C22193D9B6008E0919 /* NaverThirdPartyLoginConnection.h */,
				4CE4A3C32193D9B6008E0919 /* NaverAuth.bundle */,
				4CE4A3C42193D9B6008E0919 /* NLoginThirdPartyOAuth20InAppBrowserViewController.h */,
				4CE4A3C52193D9B6008E0919 /* libNaverLogin.a */,
				4CE4A3C62193D9B6008E0919 /* NaverThirdPartyConstantsForApp.h */,
				4CE4A3C72193D9B6008E0919 /* dreamteams_ios-Bridging-Header.h */,
				4CE4A3C82193D9B6008E0919 /* NLoginThirdPartyOAuth20InAppBrowserViewController.m */,
			);
			path = Naver;
			sourceTree = "<group>";
		};
		F1043A0A76219CD022548A19 /* Pods */ = {
			isa = PBXGroup;
			children = (
				0169FE9271A69F8DCC759609 /* Pods-winnerdiet.debug.xcconfig */,
				632206173A6DF6685B77181E /* Pods-winnerdiet.release.xcconfig */,
				4AAF1B616E29B72515E51ED1 /* Pods-winnerdietTests.debug.xcconfig */,
				EFAA596C3D5B8373D4FBAB53 /* Pods-winnerdietTests.release.xcconfig */,
				8EF8B47F85470640CD17832C /* Pods-winnerdietUITests.debug.xcconfig */,
				313745DA682F5258CC6308BB /* Pods-winnerdietUITests.release.xcconfig */,
			);
			name = Pods;
			sourceTree = "<group>";
		};
		FD3F8A4B59D30C4CE8F8952D /* Frameworks */ = {
			isa = PBXGroup;
			children = (
				4CF27D0B21A507D700FE98C0 /* iCarousel.h */,
				4CF27D0C21A507D700FE98C0 /* iCarousel.m */,
				4C2C9FE421A4FF5F0019723D /* iCarousel.framework */,
				4CA922E3219D03F600F3FB38 /* Validator.framework */,
				4CA922DD219CFFA100F3FB38 /* Alamofire.framework */,
				4CA922DF219CFFA100F3FB38 /* SRFormValidator.framework */,
				4CA922E1219CFFA100F3FB38 /* SwiftyJSON.framework */,
				4CE4A3B92193D997008E0919 /* KakaoCommon.framework */,
				4CE4A3BB2193D997008E0919 /* KakaoLink.framework */,
				4CE4A3BA2193D997008E0919 /* KakaoMessageTemplate.framework */,
				4CE4A3BC2193D997008E0919 /* KakaoOpenSDK.framework */,
				4CE4A3B72193D8E0008E0919 /* HealthKit.framework */,
				0C7DCAE22B3F69E5C4B1C43C /* Pods_winnerdiet.framework */,
				D6C33F7FF25E0F8F6FC37A74 /* Pods_winnerdietTests.framework */,
				779F2D79BF2A68FBA6F6E8DA /* Pods_winnerdietUITests.framework */,
			);
			name = Frameworks;
			sourceTree = "<group>";
		};
/* End PBXGroup section */

/* Begin PBXNativeTarget section */
		4CE4A36A2193CEB9008E0919 /* winnerdiet */ = {
			isa = PBXNativeTarget;
			buildConfigurationList = 4CE4A3932193CEBB008E0919 /* Build configuration list for PBXNativeTarget "winnerdiet" */;
			buildPhases = (
				38669B42BFF77EDD3B88A6EE /* [CP] Check Pods Manifest.lock */,
				4CE4A3672193CEB9008E0919 /* Sources */,
				4CE4A3682193CEB9008E0919 /* Frameworks */,
				4CE4A3692193CEB9008E0919 /* Resources */,
				2D147D7A3094489C5251564A /* [CP] Embed Pods Frameworks */,
			);
			buildRules = (
			);
			dependencies = (
			);
			name = winnerdiet;
			productName = winnerdiet;
			productReference = 4CE4A36B2193CEB9008E0919 /* winnerdiet.app */;
			productType = "com.apple.product-type.application";
		};
		4CE4A37E2193CEBB008E0919 /* winnerdietTests */ = {
			isa = PBXNativeTarget;
			buildConfigurationList = 4CE4A3962193CEBB008E0919 /* Build configuration list for PBXNativeTarget "winnerdietTests" */;
			buildPhases = (
				94EB733486D92FCCE877553B /* [CP] Check Pods Manifest.lock */,
				4CE4A37B2193CEBB008E0919 /* Sources */,
				4CE4A37C2193CEBB008E0919 /* Frameworks */,
				4CE4A37D2193CEBB008E0919 /* Resources */,
			);
			buildRules = (
			);
			dependencies = (
				4CE4A3812193CEBB008E0919 /* PBXTargetDependency */,
			);
			name = winnerdietTests;
			productName = winnerdietTests;
			productReference = 4CE4A37F2193CEBB008E0919 /* winnerdietTests.xctest */;
			productType = "com.apple.product-type.bundle.unit-test";
		};
		4CE4A3892193CEBB008E0919 /* winnerdietUITests */ = {
			isa = PBXNativeTarget;
			buildConfigurationList = 4CE4A3992193CEBB008E0919 /* Build configuration list for PBXNativeTarget "winnerdietUITests" */;
			buildPhases = (
				E7E32C7C515DF4F4B634351C /* [CP] Check Pods Manifest.lock */,
				4CE4A3862193CEBB008E0919 /* Sources */,
				4CE4A3872193CEBB008E0919 /* Frameworks */,
				4CE4A3882193CEBB008E0919 /* Resources */,
			);
			buildRules = (
			);
			dependencies = (
				4CE4A38C2193CEBB008E0919 /* PBXTargetDependency */,
			);
			name = winnerdietUITests;
			productName = winnerdietUITests;
			productReference = 4CE4A38A2193CEBB008E0919 /* winnerdietUITests.xctest */;
			productType = "com.apple.product-type.bundle.ui-testing";
		};
/* End PBXNativeTarget section */

/* Begin PBXProject section */
		4CE4A3632193CEB9008E0919 /* Project object */ = {
			isa = PBXProject;
			attributes = {
				LastSwiftUpdateCheck = 1000;
				LastUpgradeCheck = 1000;
				ORGANIZATIONNAME = Dreamteams;
				TargetAttributes = {
					4CE4A36A2193CEB9008E0919 = {
						CreatedOnToolsVersion = 10.0;
						LastSwiftMigration = 1000;
						SystemCapabilities = {
							com.apple.HealthKit = {
								enabled = 1;
							};
							com.apple.Push = {
								enabled = 1;
							};
						};
					};
					4CE4A37E2193CEBB008E0919 = {
						CreatedOnToolsVersion = 10.0;
						TestTargetID = 4CE4A36A2193CEB9008E0919;
					};
					4CE4A3892193CEBB008E0919 = {
						CreatedOnToolsVersion = 10.0;
						TestTargetID = 4CE4A36A2193CEB9008E0919;
					};
				};
			};
			buildConfigurationList = 4CE4A3662193CEB9008E0919 /* Build configuration list for PBXProject "winnerdiet" */;
			compatibilityVersion = "Xcode 9.3";
			developmentRegion = en;
			hasScannedForEncodings = 0;
			knownRegions = (
				en,
				Base,
			);
			mainGroup = 4CE4A3622193CEB9008E0919;
			productRefGroup = 4CE4A36C2193CEB9008E0919 /* Products */;
			projectDirPath = "";
			projectRoot = "";
			targets = (
				4CE4A36A2193CEB9008E0919 /* winnerdiet */,
				4CE4A37E2193CEBB008E0919 /* winnerdietTests */,
				4CE4A3892193CEBB008E0919 /* winnerdietUITests */,
			);
		};
/* End PBXProject section */

/* Begin PBXResourcesBuildPhase section */
		4CE4A3692193CEB9008E0919 /* Resources */ = {
			isa = PBXResourcesBuildPhase;
			buildActionMask = 2147483647;
			files = (
				4CF27D1921A55D8900FE98C0 /* NanumBarunGothicBold.otf in Resources */,
				4CDA4730219417F4000250F4 /* GoogleService-Info.plist in Resources */,
				4CE4A3AF2193D72A008E0919 /* Info.plist in Resources */,
				4CDA473421941A27000250F4 /* Images-3.xcassets in Resources */,
				4CE4A3C92193D9B6008E0919 /* NaverAuth.bundle in Resources */,
				4CE4A3AC2193D72A008E0919 /* Main.storyboard in Resources */,
				4CE4A3792193CEBB008E0919 /* LaunchScreen.storyboard in Resources */,
			);
			runOnlyForDeploymentPostprocessing = 0;
		};
		4CE4A37D2193CEBB008E0919 /* Resources */ = {
			isa = PBXResourcesBuildPhase;
			buildActionMask = 2147483647;
			files = (
			);
			runOnlyForDeploymentPostprocessing = 0;
		};
		4CE4A3882193CEBB008E0919 /* Resources */ = {
			isa = PBXResourcesBuildPhase;
			buildActionMask = 2147483647;
			files = (
			);
			runOnlyForDeploymentPostprocessing = 0;
		};
/* End PBXResourcesBuildPhase section */

/* Begin PBXShellScriptBuildPhase section */
		2D147D7A3094489C5251564A /* [CP] Embed Pods Frameworks */ = {
			isa = PBXShellScriptBuildPhase;
			buildActionMask = 2147483647;
			files = (
			);
			inputPaths = (
				"${SRCROOT}/Pods/Target Support Files/Pods-winnerdiet/Pods-winnerdiet-frameworks.sh",
				"${BUILT_PRODUCTS_DIR}/Alamofire/Alamofire.framework",
				"${BUILT_PRODUCTS_DIR}/Alamofire-Synchronous/Alamofire_Synchronous.framework",
				"${BUILT_PRODUCTS_DIR}/Bolts/Bolts.framework",
				"${BUILT_PRODUCTS_DIR}/FBSDKCoreKit/FBSDKCoreKit.framework",
				"${BUILT_PRODUCTS_DIR}/FBSDKLoginKit/FBSDKLoginKit.framework",
				"${BUILT_PRODUCTS_DIR}/FBSDKShareKit/FBSDKShareKit.framework",
				"${BUILT_PRODUCTS_DIR}/GoogleUtilities/GoogleUtilities.framework",
				"${BUILT_PRODUCTS_DIR}/Protobuf/Protobuf.framework",
				"${BUILT_PRODUCTS_DIR}/SwiftyJSON/SwiftyJSON.framework",
				"${BUILT_PRODUCTS_DIR}/Validator/Validator.framework",
				"${BUILT_PRODUCTS_DIR}/iCarousel/iCarousel.framework",
				"${BUILT_PRODUCTS_DIR}/nanopb/nanopb.framework",
			);
			name = "[CP] Embed Pods Frameworks";
			outputPaths = (
				"${TARGET_BUILD_DIR}/${FRAMEWORKS_FOLDER_PATH}/Alamofire.framework",
				"${TARGET_BUILD_DIR}/${FRAMEWORKS_FOLDER_PATH}/Alamofire_Synchronous.framework",
				"${TARGET_BUILD_DIR}/${FRAMEWORKS_FOLDER_PATH}/Bolts.framework",
				"${TARGET_BUILD_DIR}/${FRAMEWORKS_FOLDER_PATH}/FBSDKCoreKit.framework",
				"${TARGET_BUILD_DIR}/${FRAMEWORKS_FOLDER_PATH}/FBSDKLoginKit.framework",
				"${TARGET_BUILD_DIR}/${FRAMEWORKS_FOLDER_PATH}/FBSDKShareKit.framework",
				"${TARGET_BUILD_DIR}/${FRAMEWORKS_FOLDER_PATH}/GoogleUtilities.framework",
				"${TARGET_BUILD_DIR}/${FRAMEWORKS_FOLDER_PATH}/Protobuf.framework",
				"${TARGET_BUILD_DIR}/${FRAMEWORKS_FOLDER_PATH}/SwiftyJSON.framework",
				"${TARGET_BUILD_DIR}/${FRAMEWORKS_FOLDER_PATH}/Validator.framework",
				"${TARGET_BUILD_DIR}/${FRAMEWORKS_FOLDER_PATH}/iCarousel.framework",
				"${TARGET_BUILD_DIR}/${FRAMEWORKS_FOLDER_PATH}/nanopb.framework",
			);
			runOnlyForDeploymentPostprocessing = 0;
			shellPath = /bin/sh;
			shellScript = "\"${SRCROOT}/Pods/Target Support Files/Pods-winnerdiet/Pods-winnerdiet-frameworks.sh\"\n";
			showEnvVarsInLog = 0;
		};
		38669B42BFF77EDD3B88A6EE /* [CP] Check Pods Manifest.lock */ = {
			isa = PBXShellScriptBuildPhase;
			buildActionMask = 2147483647;
			files = (
			);
			inputPaths = (
				"${PODS_PODFILE_DIR_PATH}/Podfile.lock",
				"${PODS_ROOT}/Manifest.lock",
			);
			name = "[CP] Check Pods Manifest.lock";
			outputPaths = (
				"$(DERIVED_FILE_DIR)/Pods-winnerdiet-checkManifestLockResult.txt",
			);
			runOnlyForDeploymentPostprocessing = 0;
			shellPath = /bin/sh;
			shellScript = "diff \"${PODS_PODFILE_DIR_PATH}/Podfile.lock\" \"${PODS_ROOT}/Manifest.lock\" > /dev/null\nif [ $? != 0 ] ; then\n    # print error to STDERR\n    echo \"error: The sandbox is not in sync with the Podfile.lock. Run 'pod install' or update your CocoaPods installation.\" >&2\n    exit 1\nfi\n# This output is used by Xcode 'outputs' to avoid re-running this script phase.\necho \"SUCCESS\" > \"${SCRIPT_OUTPUT_FILE_0}\"\n";
			showEnvVarsInLog = 0;
		};
		94EB733486D92FCCE877553B /* [CP] Check Pods Manifest.lock */ = {
			isa = PBXShellScriptBuildPhase;
			buildActionMask = 2147483647;
			files = (
			);
			inputPaths = (
				"${PODS_PODFILE_DIR_PATH}/Podfile.lock",
				"${PODS_ROOT}/Manifest.lock",
			);
			name = "[CP] Check Pods Manifest.lock";
			outputPaths = (
				"$(DERIVED_FILE_DIR)/Pods-winnerdietTests-checkManifestLockResult.txt",
			);
			runOnlyForDeploymentPostprocessing = 0;
			shellPath = /bin/sh;
			shellScript = "diff \"${PODS_PODFILE_DIR_PATH}/Podfile.lock\" \"${PODS_ROOT}/Manifest.lock\" > /dev/null\nif [ $? != 0 ] ; then\n    # print error to STDERR\n    echo \"error: The sandbox is not in sync with the Podfile.lock. Run 'pod install' or update your CocoaPods installation.\" >&2\n    exit 1\nfi\n# This output is used by Xcode 'outputs' to avoid re-running this script phase.\necho \"SUCCESS\" > \"${SCRIPT_OUTPUT_FILE_0}\"\n";
			showEnvVarsInLog = 0;
		};
		E7E32C7C515DF4F4B634351C /* [CP] Check Pods Manifest.lock */ = {
			isa = PBXShellScriptBuildPhase;
			buildActionMask = 2147483647;
			files = (
			);
			inputPaths = (
				"${PODS_PODFILE_DIR_PATH}/Podfile.lock",
				"${PODS_ROOT}/Manifest.lock",
			);
			name = "[CP] Check Pods Manifest.lock";
			outputPaths = (
				"$(DERIVED_FILE_DIR)/Pods-winnerdietUITests-checkManifestLockResult.txt",
			);
			runOnlyForDeploymentPostprocessing = 0;
			shellPath = /bin/sh;
			shellScript = "diff \"${PODS_PODFILE_DIR_PATH}/Podfile.lock\" \"${PODS_ROOT}/Manifest.lock\" > /dev/null\nif [ $? != 0 ] ; then\n    # print error to STDERR\n    echo \"error: The sandbox is not in sync with the Podfile.lock. Run 'pod install' or update your CocoaPods installation.\" >&2\n    exit 1\nfi\n# This output is used by Xcode 'outputs' to avoid re-running this script phase.\necho \"SUCCESS\" > \"${SCRIPT_OUTPUT_FILE_0}\"\n";
			showEnvVarsInLog = 0;
		};
/* End PBXShellScriptBuildPhase section */

/* Begin PBXSourcesBuildPhase section */
		4CE4A3672193CEB9008E0919 /* Sources */ = {
			isa = PBXSourcesBuildPhase;
			buildActionMask = 2147483647;
			files = (
				4CE4A3B22193D72A008E0919 /* ViewControllerSample.swift in Sources */,
				4C2C9FE021A4DE980019723D /* MainVC.swift in Sources */,
				4CE4A3B32193D72A008E0919 /* ErrorVC.swift in Sources */,
				4CE4A3CB2193D9B6008E0919 /* NLoginThirdPartyOAuth20InAppBrowserViewController.m in Sources */,
				4CE4A3B12193D72A008E0919 /* SnsLinkHelper.swift in Sources */,
				4CE4A3B02193D72A008E0919 /* MainWebVC.swift in Sources */,
				4CE4A3B52193D72A008E0919 /* APIHelper.swift in Sources */,
				4CE4A3AD2193D72A008E0919 /* AppDelegate.swift in Sources */,
				4C82A372219917DC00C87602 /* SWFrontWebVC.swift in Sources */,
				4CE22604219CF45E007F3E76 /* JoinVC.swift in Sources */,
				4C82A36C2199031900C87602 /* SWRevealViewController.m in Sources */,
				4C0FE09121A6712500326118 /* NavigationWebVC.swift in Sources */,
				4C82A375219A62DF00C87602 /* LoginVC.swift in Sources */,
				4CE4A3AE2193D72A008E0919 /* CheckNetwork.swift in Sources */,
				4CF27D0D21A507D700FE98C0 /* iCarousel.m in Sources */,
				4CE4A3B42193D72A008E0919 /* Common.swift in Sources */,
				4C82A370219909F800C87602 /* SWRearTableVC.swift in Sources */,
			);
			runOnlyForDeploymentPostprocessing = 0;
		};
		4CE4A37B2193CEBB008E0919 /* Sources */ = {
			isa = PBXSourcesBuildPhase;
			buildActionMask = 2147483647;
			files = (
				4CE4A3842193CEBB008E0919 /* winnerdietTests.swift in Sources */,
			);
			runOnlyForDeploymentPostprocessing = 0;
		};
		4CE4A3862193CEBB008E0919 /* Sources */ = {
			isa = PBXSourcesBuildPhase;
			buildActionMask = 2147483647;
			files = (
				4CE4A38F2193CEBB008E0919 /* winnerdietUITests.swift in Sources */,
			);
			runOnlyForDeploymentPostprocessing = 0;
		};
/* End PBXSourcesBuildPhase section */

/* Begin PBXTargetDependency section */
		4CE4A3812193CEBB008E0919 /* PBXTargetDependency */ = {
			isa = PBXTargetDependency;
			target = 4CE4A36A2193CEB9008E0919 /* winnerdiet */;
			targetProxy = 4CE4A3802193CEBB008E0919 /* PBXContainerItemProxy */;
		};
		4CE4A38C2193CEBB008E0919 /* PBXTargetDependency */ = {
			isa = PBXTargetDependency;
			target = 4CE4A36A2193CEB9008E0919 /* winnerdiet */;
			targetProxy = 4CE4A38B2193CEBB008E0919 /* PBXContainerItemProxy */;
		};
/* End PBXTargetDependency section */

/* Begin PBXVariantGroup section */
		4CE4A3772193CEBB008E0919 /* LaunchScreen.storyboard */ = {
			isa = PBXVariantGroup;
			children = (
				4CE4A3782193CEBB008E0919 /* Base */,
			);
			name = LaunchScreen.storyboard;
			sourceTree = "<group>";
		};
/* End PBXVariantGroup section */

/* Begin XCBuildConfiguration section */
		4CE4A3912193CEBB008E0919 /* Debug */ = {
			isa = XCBuildConfiguration;
			buildSettings = {
				ALWAYS_SEARCH_USER_PATHS = NO;
				CLANG_ANALYZER_NONNULL = YES;
				CLANG_ANALYZER_NUMBER_OBJECT_CONVERSION = YES_AGGRESSIVE;
				CLANG_CXX_LANGUAGE_STANDARD = "gnu++14";
				CLANG_CXX_LIBRARY = "libc++";
				CLANG_ENABLE_MODULES = YES;
				CLANG_ENABLE_OBJC_ARC = YES;
				CLANG_ENABLE_OBJC_WEAK = YES;
				CLANG_WARN_BLOCK_CAPTURE_AUTORELEASING = YES;
				CLANG_WARN_BOOL_CONVERSION = YES;
				CLANG_WARN_COMMA = YES;
				CLANG_WARN_CONSTANT_CONVERSION = YES;
				CLANG_WARN_DEPRECATED_OBJC_IMPLEMENTATIONS = YES;
				CLANG_WARN_DIRECT_OBJC_ISA_USAGE = YES_ERROR;
				CLANG_WARN_DOCUMENTATION_COMMENTS = YES;
				CLANG_WARN_EMPTY_BODY = YES;
				CLANG_WARN_ENUM_CONVERSION = YES;
				CLANG_WARN_INFINITE_RECURSION = YES;
				CLANG_WARN_INT_CONVERSION = YES;
				CLANG_WARN_NON_LITERAL_NULL_CONVERSION = YES;
				CLANG_WARN_OBJC_IMPLICIT_RETAIN_SELF = YES;
				CLANG_WARN_OBJC_LITERAL_CONVERSION = YES;
				CLANG_WARN_OBJC_ROOT_CLASS = YES_ERROR;
				CLANG_WARN_RANGE_LOOP_ANALYSIS = YES;
				CLANG_WARN_STRICT_PROTOTYPES = YES;
				CLANG_WARN_SUSPICIOUS_MOVE = YES;
				CLANG_WARN_UNGUARDED_AVAILABILITY = YES_AGGRESSIVE;
				CLANG_WARN_UNREACHABLE_CODE = YES;
				CLANG_WARN__DUPLICATE_METHOD_MATCH = YES;
				CODE_SIGN_IDENTITY = "iPhone Developer";
				COPY_PHASE_STRIP = NO;
				DEBUG_INFORMATION_FORMAT = dwarf;
				ENABLE_STRICT_OBJC_MSGSEND = YES;
				ENABLE_TESTABILITY = YES;
				GCC_C_LANGUAGE_STANDARD = gnu11;
				GCC_DYNAMIC_NO_PIC = NO;
				GCC_NO_COMMON_BLOCKS = YES;
				GCC_OPTIMIZATION_LEVEL = 0;
				GCC_PREPROCESSOR_DEFINITIONS = (
					"DEBUG=1",
					"$(inherited)",
				);
				GCC_WARN_64_TO_32_BIT_CONVERSION = YES;
				GCC_WARN_ABOUT_RETURN_TYPE = YES_ERROR;
				GCC_WARN_UNDECLARED_SELECTOR = YES;
				GCC_WARN_UNINITIALIZED_AUTOS = YES_AGGRESSIVE;
				GCC_WARN_UNUSED_FUNCTION = YES;
				GCC_WARN_UNUSED_VARIABLE = YES;
				IPHONEOS_DEPLOYMENT_TARGET = 10.0;
				MTL_ENABLE_DEBUG_INFO = INCLUDE_SOURCE;
				MTL_FAST_MATH = YES;
				ONLY_ACTIVE_ARCH = YES;
				SDKROOT = iphoneos;
				SWIFT_ACTIVE_COMPILATION_CONDITIONS = DEBUG;
				SWIFT_OPTIMIZATION_LEVEL = "-Onone";
			};
			name = Debug;
		};
		4CE4A3922193CEBB008E0919 /* Release */ = {
			isa = XCBuildConfiguration;
			buildSettings = {
				ALWAYS_SEARCH_USER_PATHS = NO;
				CLANG_ANALYZER_NONNULL = YES;
				CLANG_ANALYZER_NUMBER_OBJECT_CONVERSION = YES_AGGRESSIVE;
				CLANG_CXX_LANGUAGE_STANDARD = "gnu++14";
				CLANG_CXX_LIBRARY = "libc++";
				CLANG_ENABLE_MODULES = YES;
				CLANG_ENABLE_OBJC_ARC = YES;
				CLANG_ENABLE_OBJC_WEAK = YES;
				CLANG_WARN_BLOCK_CAPTURE_AUTORELEASING = YES;
				CLANG_WARN_BOOL_CONVERSION = YES;
				CLANG_WARN_COMMA = YES;
				CLANG_WARN_CONSTANT_CONVERSION = YES;
				CLANG_WARN_DEPRECATED_OBJC_IMPLEMENTATIONS = YES;
				CLANG_WARN_DIRECT_OBJC_ISA_USAGE = YES_ERROR;
				CLANG_WARN_DOCUMENTATION_COMMENTS = YES;
				CLANG_WARN_EMPTY_BODY = YES;
				CLANG_WARN_ENUM_CONVERSION = YES;
				CLANG_WARN_INFINITE_RECURSION = YES;
				CLANG_WARN_INT_CONVERSION = YES;
				CLANG_WARN_NON_LITERAL_NULL_CONVERSION = YES;
				CLANG_WARN_OBJC_IMPLICIT_RETAIN_SELF = YES;
				CLANG_WARN_OBJC_LITERAL_CONVERSION = YES;
				CLANG_WARN_OBJC_ROOT_CLASS = YES_ERROR;
				CLANG_WARN_RANGE_LOOP_ANALYSIS = YES;
				CLANG_WARN_STRICT_PROTOTYPES = YES;
				CLANG_WARN_SUSPICIOUS_MOVE = YES;
				CLANG_WARN_UNGUARDED_AVAILABILITY = YES_AGGRESSIVE;
				CLANG_WARN_UNREACHABLE_CODE = YES;
				CLANG_WARN__DUPLICATE_METHOD_MATCH = YES;
				CODE_SIGN_IDENTITY = "iPhone Developer";
				COPY_PHASE_STRIP = NO;
				DEBUG_INFORMATION_FORMAT = "dwarf-with-dsym";
				ENABLE_NS_ASSERTIONS = NO;
				ENABLE_STRICT_OBJC_MSGSEND = YES;
				GCC_C_LANGUAGE_STANDARD = gnu11;
				GCC_NO_COMMON_BLOCKS = YES;
				GCC_WARN_64_TO_32_BIT_CONVERSION = YES;
				GCC_WARN_ABOUT_RETURN_TYPE = YES_ERROR;
				GCC_WARN_UNDECLARED_SELECTOR = YES;
				GCC_WARN_UNINITIALIZED_AUTOS = YES_AGGRESSIVE;
				GCC_WARN_UNUSED_FUNCTION = YES;
				GCC_WARN_UNUSED_VARIABLE = YES;
				IPHONEOS_DEPLOYMENT_TARGET = 10.0;
				MTL_ENABLE_DEBUG_INFO = NO;
				MTL_FAST_MATH = YES;
				SDKROOT = iphoneos;
				SWIFT_COMPILATION_MODE = wholemodule;
				SWIFT_OPTIMIZATION_LEVEL = "-O";
				VALIDATE_PRODUCT = YES;
			};
			name = Release;
		};
		4CE4A3942193CEBB008E0919 /* Debug */ = {
			isa = XCBuildConfiguration;
			baseConfigurationReference = 0169FE9271A69F8DCC759609 /* Pods-winnerdiet.debug.xcconfig */;
			buildSettings = {
				ASSETCATALOG_COMPILER_APPICON_NAME = AppIcon;
				ASSETCATALOG_COMPILER_LAUNCHIMAGE_NAME = "LaunchImage-1";
				CLANG_ENABLE_MODULES = YES;
				CODE_SIGN_ENTITLEMENTS = winnerdiet/winnerdiet.entitlements;
				CODE_SIGN_STYLE = Automatic;
				DEVELOPMENT_TEAM = 3KG66MUG6F;
				FRAMEWORK_SEARCH_PATHS = (
					"$(inherited)",
					"$(PROJECT_DIR)",
				);
				INFOPLIST_FILE = winnerdiet/Info.plist;
				IPHONEOS_DEPLOYMENT_TARGET = 10.0;
				LD_RUNPATH_SEARCH_PATHS = (
					"$(inherited)",
					"@executable_path/Frameworks",
				);
				LIBRARY_SEARCH_PATHS = (
					"$(inherited)",
					"$(PROJECT_DIR)/Naver",
				);
				PRODUCT_BUNDLE_IDENTIFIER = comm.ios.winnerdiet;
				PRODUCT_NAME = "$(TARGET_NAME)";
				SWIFT_OBJC_BRIDGING_HEADER = "$(PROJECT_NAME)/bridge.h";
				SWIFT_OPTIMIZATION_LEVEL = "-Onone";
				SWIFT_VERSION = 4.2;
				TARGETED_DEVICE_FAMILY = 1;
			};
			name = Debug;
		};
		4CE4A3952193CEBB008E0919 /* Release */ = {
			isa = XCBuildConfiguration;
			baseConfigurationReference = 632206173A6DF6685B77181E /* Pods-winnerdiet.release.xcconfig */;
			buildSettings = {
				ASSETCATALOG_COMPILER_APPICON_NAME = AppIcon;
				ASSETCATALOG_COMPILER_LAUNCHIMAGE_NAME = "LaunchImage-1";
				CLANG_ENABLE_MODULES = YES;
				CODE_SIGN_ENTITLEMENTS = winnerdiet/winnerdiet.entitlements;
				CODE_SIGN_STYLE = Automatic;
				DEVELOPMENT_TEAM = 3KG66MUG6F;
				FRAMEWORK_SEARCH_PATHS = (
					"$(inherited)",
					"$(PROJECT_DIR)",
				);
				INFOPLIST_FILE = winnerdiet/Info.plist;
				IPHONEOS_DEPLOYMENT_TARGET = 10.0;
				LD_RUNPATH_SEARCH_PATHS = (
					"$(inherited)",
					"@executable_path/Frameworks",
				);
				LIBRARY_SEARCH_PATHS = (
					"$(inherited)",
					"$(PROJECT_DIR)/Naver",
				);
				PRODUCT_BUNDLE_IDENTIFIER = comm.ios.winnerdiet;
				PRODUCT_NAME = "$(TARGET_NAME)";
				SWIFT_OBJC_BRIDGING_HEADER = "$(PROJECT_NAME)/bridge.h";
				SWIFT_VERSION = 4.2;
				TARGETED_DEVICE_FAMILY = 1;
			};
			name = Release;
		};
		4CE4A3972193CEBB008E0919 /* Debug */ = {
			isa = XCBuildConfiguration;
			baseConfigurationReference = 4AAF1B616E29B72515E51ED1 /* Pods-winnerdietTests.debug.xcconfig */;
			buildSettings = {
				ALWAYS_EMBED_SWIFT_STANDARD_LIBRARIES = YES;
				BUNDLE_LOADER = "$(TEST_HOST)";
				CODE_SIGN_STYLE = Automatic;
				DEVELOPMENT_TEAM = R43QFMAKRM;
				INFOPLIST_FILE = winnerdietTests/Info.plist;
				LD_RUNPATH_SEARCH_PATHS = (
					"$(inherited)",
					"@executable_path/Frameworks",
					"@loader_path/Frameworks",
				);
				PRODUCT_BUNDLE_IDENTIFIER = com.ios.winnerdietTests;
				PRODUCT_NAME = "$(TARGET_NAME)";
				SWIFT_VERSION = 4.2;
				TARGETED_DEVICE_FAMILY = "1,2";
				TEST_HOST = "$(BUILT_PRODUCTS_DIR)/winnerdiet.app/winnerdiet";
			};
			name = Debug;
		};
		4CE4A3982193CEBB008E0919 /* Release */ = {
			isa = XCBuildConfiguration;
			baseConfigurationReference = EFAA596C3D5B8373D4FBAB53 /* Pods-winnerdietTests.release.xcconfig */;
			buildSettings = {
				ALWAYS_EMBED_SWIFT_STANDARD_LIBRARIES = YES;
				BUNDLE_LOADER = "$(TEST_HOST)";
				CODE_SIGN_STYLE = Automatic;
				DEVELOPMENT_TEAM = R43QFMAKRM;
				INFOPLIST_FILE = winnerdietTests/Info.plist;
				LD_RUNPATH_SEARCH_PATHS = (
					"$(inherited)",
					"@executable_path/Frameworks",
					"@loader_path/Frameworks",
				);
				PRODUCT_BUNDLE_IDENTIFIER = com.ios.winnerdietTests;
				PRODUCT_NAME = "$(TARGET_NAME)";
				SWIFT_VERSION = 4.2;
				TARGETED_DEVICE_FAMILY = "1,2";
				TEST_HOST = "$(BUILT_PRODUCTS_DIR)/winnerdiet.app/winnerdiet";
			};
			name = Release;
		};
		4CE4A39A2193CEBB008E0919 /* Debug */ = {
			isa = XCBuildConfiguration;
			baseConfigurationReference = 8EF8B47F85470640CD17832C /* Pods-winnerdietUITests.debug.xcconfig */;
			buildSettings = {
				ALWAYS_EMBED_SWIFT_STANDARD_LIBRARIES = YES;
				CODE_SIGN_STYLE = Automatic;
				DEVELOPMENT_TEAM = R43QFMAKRM;
				INFOPLIST_FILE = winnerdietUITests/Info.plist;
				LD_RUNPATH_SEARCH_PATHS = (
					"$(inherited)",
					"@executable_path/Frameworks",
					"@loader_path/Frameworks",
				);
				PRODUCT_BUNDLE_IDENTIFIER = com.ios.winnerdietUITests;
				PRODUCT_NAME = "$(TARGET_NAME)";
				SWIFT_VERSION = 4.2;
				TARGETED_DEVICE_FAMILY = "1,2";
				TEST_TARGET_NAME = winnerdiet;
			};
			name = Debug;
		};
		4CE4A39B2193CEBB008E0919 /* Release */ = {
			isa = XCBuildConfiguration;
			baseConfigurationReference = 313745DA682F5258CC6308BB /* Pods-winnerdietUITests.release.xcconfig */;
			buildSettings = {
				ALWAYS_EMBED_SWIFT_STANDARD_LIBRARIES = YES;
				CODE_SIGN_STYLE = Automatic;
				DEVELOPMENT_TEAM = R43QFMAKRM;
				INFOPLIST_FILE = winnerdietUITests/Info.plist;
				LD_RUNPATH_SEARCH_PATHS = (
					"$(inherited)",
					"@executable_path/Frameworks",
					"@loader_path/Frameworks",
				);
				PRODUCT_BUNDLE_IDENTIFIER = com.ios.winnerdietUITests;
				PRODUCT_NAME = "$(TARGET_NAME)";
				SWIFT_VERSION = 4.2;
				TARGETED_DEVICE_FAMILY = "1,2";
				TEST_TARGET_NAME = winnerdiet;
			};
			name = Release;
		};
/* End XCBuildConfiguration section */

/* Begin XCConfigurationList section */
		4CE4A3662193CEB9008E0919 /* Build configuration list for PBXProject "winnerdiet" */ = {
			isa = XCConfigurationList;
			buildConfigurations = (
				4CE4A3912193CEBB008E0919 /* Debug */,
				4CE4A3922193CEBB008E0919 /* Release */,
			);
			defaultConfigurationIsVisible = 0;
			defaultConfigurationName = Release;
		};
		4CE4A3932193CEBB008E0919 /* Build configuration list for PBXNativeTarget "winnerdiet" */ = {
			isa = XCConfigurationList;
			buildConfigurations = (
				4CE4A3942193CEBB008E0919 /* Debug */,
				4CE4A3952193CEBB008E0919 /* Release */,
			);
			defaultConfigurationIsVisible = 0;
			defaultConfigurationName = Release;
		};
		4CE4A3962193CEBB008E0919 /* Build configuration list for PBXNativeTarget "winnerdietTests" */ = {
			isa = XCConfigurationList;
			buildConfigurations = (
				4CE4A3972193CEBB008E0919 /* Debug */,
				4CE4A3982193CEBB008E0919 /* Release */,
			);
			defaultConfigurationIsVisible = 0;
			defaultConfigurationName = Release;
		};
		4CE4A3992193CEBB008E0919 /* Build configuration list for PBXNativeTarget "winnerdietUITests" */ = {
			isa = XCConfigurationList;
			buildConfigurations = (
				4CE4A39A2193CEBB008E0919 /* Debug */,
				4CE4A39B2193CEBB008E0919 /* Release */,
			);
			defaultConfigurationIsVisible = 0;
			defaultConfigurationName = Release;
		};
/* End XCConfigurationList section */
	};
	rootObject = 4CE4A3632193CEB9008E0919 /* Project object */;
}
